
Microsoft Visual Studio Solution File, Format Version 12.00
# Visual Studio Version 16
VisualStudioVersion = 16.0.30907.101
MinimumVisualStudioVersion = 10.0.40219.1
Project("{FAE04EC0-301F-11D3-BF4B-00C04F79EFBC}") = "KarambaUIWidgets", "KarambaUIWidgets\KarambaUIWidgets.csproj", "{4650F336-8069-469F-96B0-8535C473E655}"
EndProject
Global
	GlobalSection(SolutionConfigurationPlatforms) = preSolution
		Debug|Any CPU = Debug|Any CPU
		Release|Any CPU = Release|Any CPU
	EndGlobalSection
	GlobalSection(ProjectConfigurationPlatforms) = postSolution
		{4650F336-8069-469F-96B0-8535C473E655}.Debug|Any CPU.ActiveCfg = Debug|Any CPU
		{4650F336-8069-469F-96B0-8535C473E655}.Debug|Any CPU.Build.0 = Debug|Any CPU
		{4650F336-8069-469F-96B0-8535C473E655}.Release|Any CPU.ActiveCfg = Release|Any CPU
		{4650F336-8069-469F-96B0-8535C473E655}.Release|Any CPU.Build.0 = Release|Any CPU
	EndGlobalSection
	GlobalSection(SolutionProperties) = preSolution
		HideSolutionNode = FALSE
	EndGlobalSection
	GlobalSection(ExtensibilityGlobals) = postSolution
		SolutionGuid = {AF584366-C75F-4E92-98E4-9B8EC25F49CF}
	EndGlobalSection
EndGlobal
